
Microsoft Visual Studio Solution File, Format Version 12.00
# Visual Studio Version 17
VisualStudioVersion = 17.2.32516.85
MinimumVisualStudioVersion = 10.0.40219.1
Project("{FAE04EC0-301F-11D3-BF4B-00C04F79EFBC}") = "Number Game", "Number Game\Number Game.csproj", "{AC723B3F-A142-4B1E-A4DE-28C494D0BDCD}"
EndProject
Global
	GlobalSection(SolutionConfigurationPlatforms) = preSolution
		Debug|Any CPU = Debug|Any CPU
		Release|Any CPU = Release|Any CPU
	EndGlobalSection
	GlobalSection(ProjectConfigurationPlatforms) = postSolution
		{AC723B3F-A142-4B1E-A4DE-28C494D0BDCD}.Debug|Any CPU.ActiveCfg = Debug|Any CPU
		{AC723B3F-A142-4B1E-A4DE-28C494D0BDCD}.Debug|Any CPU.Build.0 = Debug|Any CPU
		{AC723B3F-A142-4B1E-A4DE-28C494D0BDCD}.Release|Any CPU.ActiveCfg = Release|Any CPU
		{AC723B3F-A142-4B1E-A4DE-28C494D0BDCD}.Release|Any CPU.Build.0 = Release|Any CPU
	EndGlobalSection
	GlobalSection(SolutionProperties) = preSolution
		HideSolutionNode = FALSE
	EndGlobalSection
	GlobalSection(ExtensibilityGlobals) = postSolution
		SolutionGuid = {5DBFFD85-2C16-4C3F-9405-93C033036F3A}
	EndGlobalSection
EndGlobal
